
Microsoft Visual Studio Solution File, Format Version 12.00
# Visual Studio Version 17
VisualStudioVersion = 17.4.33213.308
MinimumVisualStudioVersion = 10.0.40219.1
Project("{FAE04EC0-301F-11D3-BF4B-00C04F79EFBC}") = "gizemProje", "gizemProje\gizemProje.csproj", "{68C74911-6EDF-493F-A53E-F87FA9DFE122}"
EndProject
Global
	GlobalSection(SolutionConfigurationPlatforms) = preSolution
		Debug|Any CPU = Debug|Any CPU
		Release|Any CPU = Release|Any CPU
	EndGlobalSection
	GlobalSection(ProjectConfigurationPlatforms) = postSolution
		{68C74911-6EDF-493F-A53E-F87FA9DFE122}.Debug|Any CPU.ActiveCfg = Debug|Any CPU
		{68C74911-6EDF-493F-A53E-F87FA9DFE122}.Debug|Any CPU.Build.0 = Debug|Any CPU
		{68C74911-6EDF-493F-A53E-F87FA9DFE122}.Release|Any CPU.ActiveCfg = Release|Any CPU
		{68C74911-6EDF-493F-A53E-F87FA9DFE122}.Release|Any CPU.Build.0 = Release|Any CPU
	EndGlobalSection
	GlobalSection(SolutionProperties) = preSolution
		HideSolutionNode = FALSE
	EndGlobalSection
	GlobalSection(ExtensibilityGlobals) = postSolution
		SolutionGuid = {FF76959A-7BDB-445F-9831-0E5018FB6EB4}
	EndGlobalSection
EndGlobal
